
Microsoft Visual Studio Solution File, Format Version 12.00
# Visual Studio 15
VisualStudioVersion = 15.0.26430.13
MinimumVisualStudioVersion = 10.0.40219.1
Project("{FAE04EC0-301F-11D3-BF4B-00C04F79EFBC}") = "SamuraiApp.Domain", "SamuraiApp.Domain\SamuraiApp.Domain.csproj", "{5DD94C77-6C11-4BF4-9091-9B5CA0E46D62}"
EndProject
Project("{FAE04EC0-301F-11D3-BF4B-00C04F79EFBC}") = "SamuraiApp.Data", "SamuraiApp.Data\SamuraiApp.Data.csproj", "{4C20408C-D288-43AF-B0CE-BB58C2FABF28}"
EndProject
Project("{FAE04EC0-301F-11D3-BF4B-00C04F79EFBC}") = "Tests", "Tests\Tests.csproj", "{9E283CBD-9963-4242-8CE3-997F37894296}"
EndProject
Global
	GlobalSection(SolutionConfigurationPlatforms) = preSolution
		Debug|Any CPU = Debug|Any CPU
		Release|Any CPU = Release|Any CPU
	EndGlobalSection
	GlobalSection(ProjectConfigurationPlatforms) = postSolution
		{5DD94C77-6C11-4BF4-9091-9B5CA0E46D62}.Debug|Any CPU.ActiveCfg = Debug|Any CPU
		{5DD94C77-6C11-4BF4-9091-9B5CA0E46D62}.Debug|Any CPU.Build.0 = Debug|Any CPU
		{5DD94C77-6C11-4BF4-9091-9B5CA0E46D62}.Release|Any CPU.ActiveCfg = Release|Any CPU
		{5DD94C77-6C11-4BF4-9091-9B5CA0E46D62}.Release|Any CPU.Build.0 = Release|Any CPU
		{4C20408C-D288-43AF-B0CE-BB58C2FABF28}.Debug|Any CPU.ActiveCfg = Debug|Any CPU
		{4C20408C-D288-43AF-B0CE-BB58C2FABF28}.Debug|Any CPU.Build.0 = Debug|Any CPU
		{4C20408C-D288-43AF-B0CE-BB58C2FABF28}.Release|Any CPU.ActiveCfg = Release|Any CPU
		{4C20408C-D288-43AF-B0CE-BB58C2FABF28}.Release|Any CPU.Build.0 = Release|Any CPU
		{9E283CBD-9963-4242-8CE3-997F37894296}.Debug|Any CPU.ActiveCfg = Debug|Any CPU
		{9E283CBD-9963-4242-8CE3-997F37894296}.Debug|Any CPU.Build.0 = Debug|Any CPU
		{9E283CBD-9963-4242-8CE3-997F37894296}.Release|Any CPU.ActiveCfg = Release|Any CPU
		{9E283CBD-9963-4242-8CE3-997F37894296}.Release|Any CPU.Build.0 = Release|Any CPU
	EndGlobalSection
	GlobalSection(SolutionProperties) = preSolution
		HideSolutionNode = FALSE
	EndGlobalSection
EndGlobal
